// !$*UTF8*$!
{
	archiveVersion = 1;
	classes = {
	};
	objectVersion = 46;
	objects = {

/* Begin PBXBuildFile section */
		6F280F0719F4AEA300B1B65B /* CoreLocation.framework in Frameworks */ = {isa = PBXBuildFile; fileRef = 6F280F0619F4AEA300B1B65B /* CoreLocation.framework */; };
		6F36F8B01A22A80900923443 /* busViewCell.swift in Sources */ = {isa = PBXBuildFile; fileRef = 6F36F8AF1A22A80900923443 /* busViewCell.swift */; };
		6F47FAE619E1D2800010C855 /* AppDelegate.swift in Sources */ = {isa = PBXBuildFile; fileRef = 6F47FAE519E1D2800010C855 /* AppDelegate.swift */; };
		6F47FAE819E1D2800010C855 /* ViewController.swift in Sources */ = {isa = PBXBuildFile; fileRef = 6F47FAE719E1D2800010C855 /* ViewController.swift */; };
		6F47FAEB19E1D2800010C855 /* Main.storyboard in Resources */ = {isa = PBXBuildFile; fileRef = 6F47FAE919E1D2800010C855 /* Main.storyboard */; };
		6F47FAED19E1D2800010C855 /* Images.xcassets in Resources */ = {isa = PBXBuildFile; fileRef = 6F47FAEC19E1D2800010C855 /* Images.xcassets */; };
		6F47FAF019E1D2800010C855 /* LaunchScreen.xib in Resources */ = {isa = PBXBuildFile; fileRef = 6F47FAEE19E1D2800010C855 /* LaunchScreen.xib */; };
		6F47FAFC19E1D2800010C855 /* Musait_YerdeTests.swift in Sources */ = {isa = PBXBuildFile; fileRef = 6F47FAFB19E1D2800010C855 /* Musait_YerdeTests.swift */; };
		6F47FB0C19E1D52A0010C855 /* NotificationCenter.framework in Frameworks */ = {isa = PBXBuildFile; fileRef = 6F47FB0B19E1D52A0010C855 /* NotificationCenter.framework */; };
		6F47FB1119E1D52A0010C855 /* TodayViewController.swift in Sources */ = {isa = PBXBuildFile; fileRef = 6F47FB1019E1D52A0010C855 /* TodayViewController.swift */; };
		6F47FB1319E1D52A0010C855 /* MainInterface.storyboard in Resources */ = {isa = PBXBuildFile; fileRef = 6F47FB1219E1D52A0010C855 /* MainInterface.storyboard */; };
		6F47FB1619E1D52A0010C855 /* GeliyorGidiyor.appex in Embed App Extensions */ = {isa = PBXBuildFile; fileRef = 6F47FB0919E1D52A0010C855 /* GeliyorGidiyor.appex */; settings = {ATTRIBUTES = (RemoveHeadersOnCopy, ); }; };
		6F47FB2619E1E9E00010C855 /* Alamofire.framework in Frameworks */ = {isa = PBXBuildFile; fileRef = 6F47FB2319E1E9A70010C855 /* Alamofire.framework */; };
		6F47FB2819E1EA410010C855 /* Alamofire.framework in CopyFiles */ = {isa = PBXBuildFile; fileRef = 6F47FB2319E1E9A70010C855 /* Alamofire.framework */; settings = {ATTRIBUTES = (CodeSignOnCopy, RemoveHeadersOnCopy, ); }; };
		6F47FB2E19E1EE730010C855 /* Alamofire.framework in Frameworks */ = {isa = PBXBuildFile; fileRef = 6F47FB2319E1E9A70010C855 /* Alamofire.framework */; };
		6F47FB3019E1EE840010C855 /* Alamofire.framework in CopyFiles */ = {isa = PBXBuildFile; fileRef = 6F47FB2319E1E9A70010C855 /* Alamofire.framework */; settings = {ATTRIBUTES = (CodeSignOnCopy, RemoveHeadersOnCopy, ); }; };
		6FB0C27419F4D9FF00C9EF13 /* SwiftyJSON.framework in Frameworks */ = {isa = PBXBuildFile; fileRef = 6FB0C27119F4D9A900C9EF13 /* SwiftyJSON.framework */; };
		6FB0C27719F4DA3E00C9EF13 /* SwiftyJSON.framework in CopyFiles */ = {isa = PBXBuildFile; fileRef = 6FB0C27119F4D9A900C9EF13 /* SwiftyJSON.framework */; settings = {ATTRIBUTES = (CodeSignOnCopy, RemoveHeadersOnCopy, ); }; };
/* End PBXBuildFile section */

/* Begin PBXContainerItemProxy section */
		6F47FAF619E1D2800010C855 /* PBXContainerItemProxy */ = {
			isa = PBXContainerItemProxy;
			containerPortal = 6F47FAD819E1D27F0010C855 /* Project object */;
			proxyType = 1;
			remoteGlobalIDString = 6F47FADF19E1D27F0010C855;
			remoteInfo = "Musait Yerde";
		};
		6F47FB1419E1D52A0010C855 /* PBXContainerItemProxy */ = {
			isa = PBXContainerItemProxy;
			containerPortal = 6F47FAD819E1D27F0010C855 /* Project object */;
			proxyType = 1;
			remoteGlobalIDString = 6F47FB0819E1D52A0010C855;
			remoteInfo = GeliyorGidiyor;
		};
		6F47FB1719E1D52A0010C855 /* PBXContainerItemProxy */ = {
			isa = PBXContainerItemProxy;
			containerPortal = 6F47FAD819E1D27F0010C855 /* Project object */;
			proxyType = 1;
			remoteGlobalIDString = 6F47FB0819E1D52A0010C855;
			remoteInfo = GeliyorGidiyor;
		};
		6F47FB2219E1E9A70010C855 /* PBXContainerItemProxy */ = {
			isa = PBXContainerItemProxy;
			containerPortal = 6F47FB1D19E1E9A70010C855 /* Alamofire.xcodeproj */;
			proxyType = 2;
			remoteGlobalIDString = F8111E3319A95C8B0040E7D1;
			remoteInfo = Alamofire;
		};
		6F47FB2419E1E9A70010C855 /* PBXContainerItemProxy */ = {
			isa = PBXContainerItemProxy;
			containerPortal = 6F47FB1D19E1E9A70010C855 /* Alamofire.xcodeproj */;
			proxyType = 2;
			remoteGlobalIDString = F8111E3E19A95C8B0040E7D1;
			remoteInfo = AlamofireTests;
		};
		6F47FB2A19E1EE650010C855 /* PBXContainerItemProxy */ = {
			isa = PBXContainerItemProxy;
			containerPortal = 6F47FB1D19E1E9A70010C855 /* Alamofire.xcodeproj */;
			proxyType = 1;
			remoteGlobalIDString = F8111E3219A95C8B0040E7D1;
			remoteInfo = Alamofire;
		};
		6F47FB2C19E1EE6B0010C855 /* PBXContainerItemProxy */ = {
			isa = PBXContainerItemProxy;
			containerPortal = 6F47FB1D19E1E9A70010C855 /* Alamofire.xcodeproj */;
			proxyType = 1;
			remoteGlobalIDString = F8111E3219A95C8B0040E7D1;
			remoteInfo = Alamofire;
		};
		6F57C14B1AFFFE8200D005E6 /* PBXContainerItemProxy */ = {
			isa = PBXContainerItemProxy;
			containerPortal = 6F47FB1D19E1E9A70010C855 /* Alamofire.xcodeproj */;
			proxyType = 2;
			remoteGlobalIDString = 4DD67C0B1A5C55C900ED2280;
			remoteInfo = "Alamofire OSX";
		};
		6F57C14D1AFFFE8200D005E6 /* PBXContainerItemProxy */ = {
			isa = PBXContainerItemProxy;
			containerPortal = 6F47FB1D19E1E9A70010C855 /* Alamofire.xcodeproj */;
			proxyType = 2;
			remoteGlobalIDString = F829C6B21A7A94F100A2CD59;
			remoteInfo = "Alamofire OSX Tests";
		};
		6F57C1521AFFFE8200D005E6 /* PBXContainerItemProxy */ = {
			isa = PBXContainerItemProxy;
			containerPortal = 6FB0C26A19F4D9A800C9EF13 /* SwiftyJSON.xcodeproj */;
			proxyType = 2;
			remoteGlobalIDString = 9C7DFC5B1A9102BD005AA3F7;
			remoteInfo = "SwiftyJSON OSX";
		};
		6F57C1541AFFFE8200D005E6 /* PBXContainerItemProxy */ = {
			isa = PBXContainerItemProxy;
			containerPortal = 6FB0C26A19F4D9A800C9EF13 /* SwiftyJSON.xcodeproj */;
			proxyType = 2;
			remoteGlobalIDString = 9C7DFC651A9102BD005AA3F7;
			remoteInfo = "SwiftyJSON OSX Tests";
		};
		6F5D124B1BC1E7FD0099005A /* PBXContainerItemProxy */ = {
			isa = PBXContainerItemProxy;
			containerPortal = 6F47FB1D19E1E9A70010C855 /* Alamofire.xcodeproj */;
			proxyType = 2;
			remoteGlobalIDString = E4202FE01B667AA100C997FB;
			remoteInfo = "Alamofire watchOS";
		};
		6F5D124E1BC1E7FD0099005A /* PBXContainerItemProxy */ = {
			isa = PBXContainerItemProxy;
			containerPortal = 6FB0C26A19F4D9A800C9EF13 /* SwiftyJSON.xcodeproj */;
			proxyType = 2;
			remoteGlobalIDString = E4D7CCE81B9465A700EE7221;
			remoteInfo = "SwiftyJSON watchOS";
		};
		6FB0C27019F4D9A900C9EF13 /* PBXContainerItemProxy */ = {
			isa = PBXContainerItemProxy;
			containerPortal = 6FB0C26A19F4D9A800C9EF13 /* SwiftyJSON.xcodeproj */;
			proxyType = 2;
			remoteGlobalIDString = 2E4FEFDB19575BE100351305;
			remoteInfo = SwiftyJSON;
		};
		6FB0C27219F4D9A900C9EF13 /* PBXContainerItemProxy */ = {
			isa = PBXContainerItemProxy;
			containerPortal = 6FB0C26A19F4D9A800C9EF13 /* SwiftyJSON.xcodeproj */;
			proxyType = 2;
			remoteGlobalIDString = 2E4FEFE619575BE100351305;
			remoteInfo = SwiftyJSONTests;
		};
		6FB0C27519F4DA3400C9EF13 /* PBXContainerItemProxy */ = {
			isa = PBXContainerItemProxy;
			containerPortal = 6FB0C26A19F4D9A800C9EF13 /* SwiftyJSON.xcodeproj */;
			proxyType = 1;
			remoteGlobalIDString = 2E4FEFDA19575BE100351305;
			remoteInfo = SwiftyJSON;
		};
/* End PBXContainerItemProxy section */

/* Begin PBXCopyFilesBuildPhase section */
		6F47FB1C19E1D52A0010C855 /* Embed App Extensions */ = {
			isa = PBXCopyFilesBuildPhase;
			buildActionMask = 2147483647;
			dstPath = "";
			dstSubfolderSpec = 13;
			files = (
				6F47FB1619E1D52A0010C855 /* GeliyorGidiyor.appex in Embed App Extensions */,
			);
			name = "Embed App Extensions";
			runOnlyForDeploymentPostprocessing = 0;
		};
		6F47FB2719E1EA2E0010C855 /* CopyFiles */ = {
			isa = PBXCopyFilesBuildPhase;
			buildActionMask = 2147483647;
			dstPath = "";
			dstSubfolderSpec = 10;
			files = (
				6FB0C27719F4DA3E00C9EF13 /* SwiftyJSON.framework in CopyFiles */,
				6F47FB2819E1EA410010C855 /* Alamofire.framework in CopyFiles */,
			);
			runOnlyForDeploymentPostprocessing = 0;
		};
		6F47FB2F19E1EE7C0010C855 /* CopyFiles */ = {
			isa = PBXCopyFilesBuildPhase;
			buildActionMask = 2147483647;
			dstPath = "";
			dstSubfolderSpec = 10;
			files = (
				6F47FB3019E1EE840010C855 /* Alamofire.framework in CopyFiles */,
			);
			runOnlyForDeploymentPostprocessing = 0;
		};
/* End PBXCopyFilesBuildPhase section */

/* Begin PBXFileReference section */
		6F280F0619F4AEA300B1B65B /* CoreLocation.framework */ = {isa = PBXFileReference; lastKnownFileType = wrapper.framework; name = CoreLocation.framework; path = System/Library/Frameworks/CoreLocation.framework; sourceTree = SDKROOT; };
		6F36F8AF1A22A80900923443 /* busViewCell.swift */ = {isa = PBXFileReference; fileEncoding = 4; lastKnownFileType = sourcecode.swift; path = busViewCell.swift; sourceTree = "<group>"; };
		6F47FAE019E1D27F0010C855 /* Musait Yerde.app */ = {isa = PBXFileReference; explicitFileType = wrapper.application; includeInIndex = 0; path = "Musait Yerde.app"; sourceTree = BUILT_PRODUCTS_DIR; };
		6F47FAE419E1D27F0010C855 /* Info.plist */ = {isa = PBXFileReference; lastKnownFileType = text.plist.xml; path = Info.plist; sourceTree = "<group>"; };
		6F47FAE519E1D2800010C855 /* AppDelegate.swift */ = {isa = PBXFileReference; lastKnownFileType = sourcecode.swift; path = AppDelegate.swift; sourceTree = "<group>"; };
		6F47FAE719E1D2800010C855 /* ViewController.swift */ = {isa = PBXFileReference; lastKnownFileType = sourcecode.swift; path = ViewController.swift; sourceTree = "<group>"; };
		6F47FAEA19E1D2800010C855 /* Base */ = {isa = PBXFileReference; lastKnownFileType = file.storyboard; name = Base; path = Base.lproj/Main.storyboard; sourceTree = "<group>"; };
		6F47FAEC19E1D2800010C855 /* Images.xcassets */ = {isa = PBXFileReference; lastKnownFileType = folder.assetcatalog; path = Images.xcassets; sourceTree = "<group>"; };
		6F47FAEF19E1D2800010C855 /* Base */ = {isa = PBXFileReference; lastKnownFileType = file.xib; name = Base; path = Base.lproj/LaunchScreen.xib; sourceTree = "<group>"; };
		6F47FAF519E1D2800010C855 /* Musait YerdeTests.xctest */ = {isa = PBXFileReference; explicitFileType = wrapper.cfbundle; includeInIndex = 0; path = "Musait YerdeTests.xctest"; sourceTree = BUILT_PRODUCTS_DIR; };
		6F47FAFA19E1D2800010C855 /* Info.plist */ = {isa = PBXFileReference; lastKnownFileType = text.plist.xml; path = Info.plist; sourceTree = "<group>"; };
		6F47FAFB19E1D2800010C855 /* Musait_YerdeTests.swift */ = {isa = PBXFileReference; lastKnownFileType = sourcecode.swift; path = Musait_YerdeTests.swift; sourceTree = "<group>"; };
		6F47FB0919E1D52A0010C855 /* GeliyorGidiyor.appex */ = {isa = PBXFileReference; explicitFileType = "wrapper.app-extension"; includeInIndex = 0; path = GeliyorGidiyor.appex; sourceTree = BUILT_PRODUCTS_DIR; };
		6F47FB0B19E1D52A0010C855 /* NotificationCenter.framework */ = {isa = PBXFileReference; lastKnownFileType = wrapper.framework; name = NotificationCenter.framework; path = System/Library/Frameworks/NotificationCenter.framework; sourceTree = SDKROOT; };
		6F47FB0F19E1D52A0010C855 /* Info.plist */ = {isa = PBXFileReference; lastKnownFileType = text.plist.xml; path = Info.plist; sourceTree = "<group>"; };
		6F47FB1019E1D52A0010C855 /* TodayViewController.swift */ = {isa = PBXFileReference; lastKnownFileType = sourcecode.swift; path = TodayViewController.swift; sourceTree = "<group>"; };
		6F47FB1219E1D52A0010C855 /* MainInterface.storyboard */ = {isa = PBXFileReference; lastKnownFileType = file.storyboard; path = MainInterface.storyboard; sourceTree = "<group>"; };
		6F47FB1D19E1E9A70010C855 /* Alamofire.xcodeproj */ = {isa = PBXFileReference; lastKnownFileType = "wrapper.pb-project"; name = Alamofire.xcodeproj; path = Alamofire/Alamofire.xcodeproj; sourceTree = "<group>"; };
		6F5C305519FF680F000B2069 /* GeliyorGidiyor.entitlements */ = {isa = PBXFileReference; lastKnownFileType = text.xml; path = GeliyorGidiyor.entitlements; sourceTree = "<group>"; };
		6F5C305619FF6849000B2069 /* Musait Yerde.entitlements */ = {isa = PBXFileReference; lastKnownFileType = text.xml; path = "Musait Yerde.entitlements"; sourceTree = "<group>"; };
		6FB0C26A19F4D9A800C9EF13 /* SwiftyJSON.xcodeproj */ = {isa = PBXFileReference; lastKnownFileType = "wrapper.pb-project"; name = SwiftyJSON.xcodeproj; path = SwiftyJSON/SwiftyJSON.xcodeproj; sourceTree = "<group>"; };
/* End PBXFileReference section */

/* Begin PBXFrameworksBuildPhase section */
		6F47FADD19E1D27F0010C855 /* Frameworks */ = {
			isa = PBXFrameworksBuildPhase;
			buildActionMask = 2147483647;
			files = (
				6F47FB2E19E1EE730010C855 /* Alamofire.framework in Frameworks */,
			);
			runOnlyForDeploymentPostprocessing = 0;
		};
		6F47FAF219E1D2800010C855 /* Frameworks */ = {
			isa = PBXFrameworksBuildPhase;
			buildActionMask = 2147483647;
			files = (
			);
			runOnlyForDeploymentPostprocessing = 0;
		};
		6F47FB0619E1D52A0010C855 /* Frameworks */ = {
			isa = PBXFrameworksBuildPhase;
			buildActionMask = 2147483647;
			files = (
				6FB0C27419F4D9FF00C9EF13 /* SwiftyJSON.framework in Frameworks */,
				6F280F0719F4AEA300B1B65B /* CoreLocation.framework in Frameworks */,
				6F47FB0C19E1D52A0010C855 /* NotificationCenter.framework in Frameworks */,
				6F47FB2619E1E9E00010C855 /* Alamofire.framework in Frameworks */,
			);
			runOnlyForDeploymentPostprocessing = 0;
		};
/* End PBXFrameworksBuildPhase section */

/* Begin PBXGroup section */
		6F36F8AD1A22A7D500923443 /* View Controllers */ = {
			isa = PBXGroup;
			children = (
				6F47FB1019E1D52A0010C855 /* TodayViewController.swift */,
			);
			name = "View Controllers";
			sourceTree = "<group>";
		};
		6F36F8AE1A22A7DF00923443 /* Views */ = {
			isa = PBXGroup;
			children = (
				6F36F8AF1A22A80900923443 /* busViewCell.swift */,
			);
			name = Views;
			sourceTree = "<group>";
		};
		6F47FAD719E1D27F0010C855 = {
			isa = PBXGroup;
			children = (
				6F47FB1D19E1E9A70010C855 /* Alamofire.xcodeproj */,
				6F47FAE219E1D27F0010C855 /* Musait Yerde */,
				6F47FAF819E1D2800010C855 /* Musait YerdeTests */,
				6F47FB0D19E1D52A0010C855 /* GeliyorGidiyor */,
				6F47FB0A19E1D52A0010C855 /* Frameworks */,
				6F47FAE119E1D27F0010C855 /* Products */,
				6FB0C26A19F4D9A800C9EF13 /* SwiftyJSON.xcodeproj */,
			);
			sourceTree = "<group>";
		};
		6F47FAE119E1D27F0010C855 /* Products */ = {
			isa = PBXGroup;
			children = (
				6F47FAE019E1D27F0010C855 /* Musait Yerde.app */,
				6F47FAF519E1D2800010C855 /* Musait YerdeTests.xctest */,
				6F47FB0919E1D52A0010C855 /* GeliyorGidiyor.appex */,
			);
			name = Products;
			sourceTree = "<group>";
		};
		6F47FAE219E1D27F0010C855 /* Musait Yerde */ = {
			isa = PBXGroup;
			children = (
				6F5C305619FF6849000B2069 /* Musait Yerde.entitlements */,
				6F47FAE519E1D2800010C855 /* AppDelegate.swift */,
				6F47FAE719E1D2800010C855 /* ViewController.swift */,
				6F47FAE919E1D2800010C855 /* Main.storyboard */,
				6F47FAEC19E1D2800010C855 /* Images.xcassets */,
				6F47FAEE19E1D2800010C855 /* LaunchScreen.xib */,
				6F47FAE319E1D27F0010C855 /* Supporting Files */,
			);
			path = "Musait Yerde";
			sourceTree = "<group>";
		};
		6F47FAE319E1D27F0010C855 /* Supporting Files */ = {
			isa = PBXGroup;
			children = (
				6F47FAE419E1D27F0010C855 /* Info.plist */,
			);
			name = "Supporting Files";
			sourceTree = "<group>";
		};
		6F47FAF819E1D2800010C855 /* Musait YerdeTests */ = {
			isa = PBXGroup;
			children = (
				6F47FAFB19E1D2800010C855 /* Musait_YerdeTests.swift */,
				6F47FAF919E1D2800010C855 /* Supporting Files */,
			);
			path = "Musait YerdeTests";
			sourceTree = "<group>";
		};
		6F47FAF919E1D2800010C855 /* Supporting Files */ = {
			isa = PBXGroup;
			children = (
				6F47FAFA19E1D2800010C855 /* Info.plist */,
			);
			name = "Supporting Files";
			sourceTree = "<group>";
		};
		6F47FB0A19E1D52A0010C855 /* Frameworks */ = {
			isa = PBXGroup;
			children = (
				6F280F0619F4AEA300B1B65B /* CoreLocation.framework */,
				6F47FB0B19E1D52A0010C855 /* NotificationCenter.framework */,
			);
			name = Frameworks;
			sourceTree = "<group>";
		};
		6F47FB0D19E1D52A0010C855 /* GeliyorGidiyor */ = {
			isa = PBXGroup;
			children = (
				6F36F8AE1A22A7DF00923443 /* Views */,
				6F36F8AD1A22A7D500923443 /* View Controllers */,
				6F47FB1219E1D52A0010C855 /* MainInterface.storyboard */,
				6F47FB0E19E1D52A0010C855 /* Supporting Files */,
			);
			path = GeliyorGidiyor;
			sourceTree = "<group>";
		};
		6F47FB0E19E1D52A0010C855 /* Supporting Files */ = {
			isa = PBXGroup;
			children = (
				6F5C305519FF680F000B2069 /* GeliyorGidiyor.entitlements */,
				6F47FB0F19E1D52A0010C855 /* Info.plist */,
			);
			name = "Supporting Files";
			sourceTree = "<group>";
		};
		6F47FB1E19E1E9A70010C855 /* Products */ = {
			isa = PBXGroup;
			children = (
				6F47FB2319E1E9A70010C855 /* Alamofire.framework */,
				6F57C14C1AFFFE8200D005E6 /* Alamofire.framework */,
				6F5D124C1BC1E7FD0099005A /* Alamofire.framework */,
				6F47FB2519E1E9A70010C855 /* Alamofire iOS Tests.xctest */,
				6F57C14E1AFFFE8200D005E6 /* Alamofire OSX Tests.xctest */,
			);
			name = Products;
			sourceTree = "<group>";
		};
		6FB0C26B19F4D9A800C9EF13 /* Products */ = {
			isa = PBXGroup;
			children = (
				6FB0C27119F4D9A900C9EF13 /* SwiftyJSON.framework */,
				6FB0C27319F4D9A900C9EF13 /* SwiftyJSON iOS Tests.xctest */,
				6F57C1531AFFFE8200D005E6 /* SwiftyJSON.framework */,
				6F57C1551AFFFE8200D005E6 /* SwiftyJSON OSX Tests.xctest */,
				6F5D124F1BC1E7FD0099005A /* SwiftyJSON.framework */,
			);
			name = Products;
			sourceTree = "<group>";
		};
/* End PBXGroup section */

/* Begin PBXNativeTarget section */
		6F47FADF19E1D27F0010C855 /* Musait Yerde */ = {
			isa = PBXNativeTarget;
			buildConfigurationList = 6F47FAFF19E1D2800010C855 /* Build configuration list for PBXNativeTarget "Musait Yerde" */;
			buildPhases = (
				6F47FB2F19E1EE7C0010C855 /* CopyFiles */,
				6F47FADC19E1D27F0010C855 /* Sources */,
				6F47FADD19E1D27F0010C855 /* Frameworks */,
				6F47FADE19E1D27F0010C855 /* Resources */,
				6F47FB1C19E1D52A0010C855 /* Embed App Extensions */,
			);
			buildRules = (
			);
			dependencies = (
				6F47FB2B19E1EE650010C855 /* PBXTargetDependency */,
				6F47FB1519E1D52A0010C855 /* PBXTargetDependency */,
				6F47FB1819E1D52A0010C855 /* PBXTargetDependency */,
			);
			name = "Musait Yerde";
			productName = "Musait Yerde";
			productReference = 6F47FAE019E1D27F0010C855 /* Musait Yerde.app */;
			productType = "com.apple.product-type.application";
		};
		6F47FAF419E1D2800010C855 /* Musait YerdeTests */ = {
			isa = PBXNativeTarget;
			buildConfigurationList = 6F47FB0219E1D2800010C855 /* Build configuration list for PBXNativeTarget "Musait YerdeTests" */;
			buildPhases = (
				6F47FAF119E1D2800010C855 /* Sources */,
				6F47FAF219E1D2800010C855 /* Frameworks */,
				6F47FAF319E1D2800010C855 /* Resources */,
			);
			buildRules = (
			);
			dependencies = (
				6F47FAF719E1D2800010C855 /* PBXTargetDependency */,
			);
			name = "Musait YerdeTests";
			productName = "Musait YerdeTests";
			productReference = 6F47FAF519E1D2800010C855 /* Musait YerdeTests.xctest */;
			productType = "com.apple.product-type.bundle.unit-test";
		};
		6F47FB0819E1D52A0010C855 /* GeliyorGidiyor */ = {
			isa = PBXNativeTarget;
			buildConfigurationList = 6F47FB1919E1D52A0010C855 /* Build configuration list for PBXNativeTarget "GeliyorGidiyor" */;
			buildPhases = (
				6F47FB2719E1EA2E0010C855 /* CopyFiles */,
				6F47FB0519E1D52A0010C855 /* Sources */,
				6F47FB0619E1D52A0010C855 /* Frameworks */,
				6F47FB0719E1D52A0010C855 /* Resources */,
			);
			buildRules = (
			);
			dependencies = (
				6FB0C27619F4DA3400C9EF13 /* PBXTargetDependency */,
				6F47FB2D19E1EE6B0010C855 /* PBXTargetDependency */,
			);
			name = GeliyorGidiyor;
			productName = GeliyorGidiyor;
			productReference = 6F47FB0919E1D52A0010C855 /* GeliyorGidiyor.appex */;
			productType = "com.apple.product-type.app-extension";
		};
/* End PBXNativeTarget section */

/* Begin PBXProject section */
		6F47FAD819E1D27F0010C855 /* Project object */ = {
			isa = PBXProject;
			attributes = {
				LastSwiftUpdateCheck = 0700;
				LastUpgradeCheck = 0600;
				ORGANIZATIONNAME = KaraBal;
				TargetAttributes = {
					6F47FADF19E1D27F0010C855 = {
						CreatedOnToolsVersion = 6.0.1;
						DevelopmentTeam = 2LDM94CHPF;
						SystemCapabilities = {
							com.apple.ApplicationGroups.iOS = {
								enabled = 1;
							};
						};
					};
					6F47FAF419E1D2800010C855 = {
						CreatedOnToolsVersion = 6.0.1;
						TestTargetID = 6F47FADF19E1D27F0010C855;
					};
					6F47FB0819E1D52A0010C855 = {
						CreatedOnToolsVersion = 6.0.1;
						DevelopmentTeam = 2LDM94CHPF;
						SystemCapabilities = {
							com.apple.ApplicationGroups.iOS = {
								enabled = 1;
							};
						};
					};
				};
			};
			buildConfigurationList = 6F47FADB19E1D27F0010C855 /* Build configuration list for PBXProject "Musait Yerde" */;
			compatibilityVersion = "Xcode 3.2";
			developmentRegion = English;
			hasScannedForEncodings = 0;
			knownRegions = (
				en,
				Base,
			);
			mainGroup = 6F47FAD719E1D27F0010C855;
			productRefGroup = 6F47FAE119E1D27F0010C855 /* Products */;
			projectDirPath = "";
			projectReferences = (
				{
					ProductGroup = 6F47FB1E19E1E9A70010C855 /* Products */;
					ProjectRef = 6F47FB1D19E1E9A70010C855 /* Alamofire.xcodeproj */;
				},
				{
					ProductGroup = 6FB0C26B19F4D9A800C9EF13 /* Products */;
					ProjectRef = 6FB0C26A19F4D9A800C9EF13 /* SwiftyJSON.xcodeproj */;
				},
			);
			projectRoot = "";
			targets = (
				6F47FADF19E1D27F0010C855 /* Musait Yerde */,
				6F47FAF419E1D2800010C855 /* Musait YerdeTests */,
				6F47FB0819E1D52A0010C855 /* GeliyorGidiyor */,
			);
		};
/* End PBXProject section */

/* Begin PBXReferenceProxy section */
		6F47FB2319E1E9A70010C855 /* Alamofire.framework */ = {
			isa = PBXReferenceProxy;
			fileType = wrapper.framework;
			path = Alamofire.framework;
			remoteRef = 6F47FB2219E1E9A70010C855 /* PBXContainerItemProxy */;
			sourceTree = BUILT_PRODUCTS_DIR;
		};
		6F47FB2519E1E9A70010C855 /* Alamofire iOS Tests.xctest */ = {
			isa = PBXReferenceProxy;
			fileType = wrapper.cfbundle;
			path = "Alamofire iOS Tests.xctest";
			remoteRef = 6F47FB2419E1E9A70010C855 /* PBXContainerItemProxy */;
			sourceTree = BUILT_PRODUCTS_DIR;
		};
		6F57C14C1AFFFE8200D005E6 /* Alamofire.framework */ = {
			isa = PBXReferenceProxy;
			fileType = wrapper.framework;
			path = Alamofire.framework;
			remoteRef = 6F57C14B1AFFFE8200D005E6 /* PBXContainerItemProxy */;
			sourceTree = BUILT_PRODUCTS_DIR;
		};
		6F57C14E1AFFFE8200D005E6 /* Alamofire OSX Tests.xctest */ = {
			isa = PBXReferenceProxy;
			fileType = wrapper.cfbundle;
			path = "Alamofire OSX Tests.xctest";
			remoteRef = 6F57C14D1AFFFE8200D005E6 /* PBXContainerItemProxy */;
			sourceTree = BUILT_PRODUCTS_DIR;
		};
		6F57C1531AFFFE8200D005E6 /* SwiftyJSON.framework */ = {
			isa = PBXReferenceProxy;
			fileType = wrapper.framework;
			path = SwiftyJSON.framework;
			remoteRef = 6F57C1521AFFFE8200D005E6 /* PBXContainerItemProxy */;
			sourceTree = BUILT_PRODUCTS_DIR;
		};
		6F57C1551AFFFE8200D005E6 /* SwiftyJSON OSX Tests.xctest */ = {
			isa = PBXReferenceProxy;
			fileType = wrapper.cfbundle;
			path = "SwiftyJSON OSX Tests.xctest";
			remoteRef = 6F57C1541AFFFE8200D005E6 /* PBXContainerItemProxy */;
			sourceTree = BUILT_PRODUCTS_DIR;
		};
		6F5D124C1BC1E7FD0099005A /* Alamofire.framework */ = {
			isa = PBXReferenceProxy;
			fileType = wrapper.framework;
			path = Alamofire.framework;
			remoteRef = 6F5D124B1BC1E7FD0099005A /* PBXContainerItemProxy */;
			sourceTree = BUILT_PRODUCTS_DIR;
		};
		6F5D124F1BC1E7FD0099005A /* SwiftyJSON.framework */ = {
			isa = PBXReferenceProxy;
			fileType = wrapper.framework;
			path = SwiftyJSON.framework;
			remoteRef = 6F5D124E1BC1E7FD0099005A /* PBXContainerItemProxy */;
			sourceTree = BUILT_PRODUCTS_DIR;
		};
		6FB0C27119F4D9A900C9EF13 /* SwiftyJSON.framework */ = {
			isa = PBXReferenceProxy;
			fileType = wrapper.framework;
			path = SwiftyJSON.framework;
			remoteRef = 6FB0C27019F4D9A900C9EF13 /* PBXContainerItemProxy */;
			sourceTree = BUILT_PRODUCTS_DIR;
		};
		6FB0C27319F4D9A900C9EF13 /* SwiftyJSON iOS Tests.xctest */ = {
			isa = PBXReferenceProxy;
			fileType = wrapper.cfbundle;
			path = "SwiftyJSON iOS Tests.xctest";
			remoteRef = 6FB0C27219F4D9A900C9EF13 /* PBXContainerItemProxy */;
			sourceTree = BUILT_PRODUCTS_DIR;
		};
/* End PBXReferenceProxy section */

/* Begin PBXResourcesBuildPhase section */
		6F47FADE19E1D27F0010C855 /* Resources */ = {
			isa = PBXResourcesBuildPhase;
			buildActionMask = 2147483647;
			files = (
				6F47FAEB19E1D2800010C855 /* Main.storyboard in Resources */,
				6F47FAF019E1D2800010C855 /* LaunchScreen.xib in Resources */,
				6F47FAED19E1D2800010C855 /* Images.xcassets in Resources */,
			);
			runOnlyForDeploymentPostprocessing = 0;
		};
		6F47FAF319E1D2800010C855 /* Resources */ = {
			isa = PBXResourcesBuildPhase;
			buildActionMask = 2147483647;
			files = (
			);
			runOnlyForDeploymentPostprocessing = 0;
		};
		6F47FB0719E1D52A0010C855 /* Resources */ = {
			isa = PBXResourcesBuildPhase;
			buildActionMask = 2147483647;
			files = (
				6F47FB1319E1D52A0010C855 /* MainInterface.storyboard in Resources */,
			);
			runOnlyForDeploymentPostprocessing = 0;
		};
/* End PBXResourcesBuildPhase section */

/* Begin PBXSourcesBuildPhase section */
		6F47FADC19E1D27F0010C855 /* Sources */ = {
			isa = PBXSourcesBuildPhase;
			buildActionMask = 2147483647;
			files = (
				6F47FAE819E1D2800010C855 /* ViewController.swift in Sources */,
				6F47FAE619E1D2800010C855 /* AppDelegate.swift in Sources */,
			);
			runOnlyForDeploymentPostprocessing = 0;
		};
		6F47FAF119E1D2800010C855 /* Sources */ = {
			isa = PBXSourcesBuildPhase;
			buildActionMask = 2147483647;
			files = (
				6F47FAFC19E1D2800010C855 /* Musait_YerdeTests.swift in Sources */,
			);
			runOnlyForDeploymentPostprocessing = 0;
		};
		6F47FB0519E1D52A0010C855 /* Sources */ = {
			isa = PBXSourcesBuildPhase;
			buildActionMask = 2147483647;
			files = (
				6F47FB1119E1D52A0010C855 /* TodayViewController.swift in Sources */,
				6F36F8B01A22A80900923443 /* busViewCell.swift in Sources */,
			);
			runOnlyForDeploymentPostprocessing = 0;
		};
/* End PBXSourcesBuildPhase section */

/* Begin PBXTargetDependency section */
		6F47FAF719E1D2800010C855 /* PBXTargetDependency */ = {
			isa = PBXTargetDependency;
			target = 6F47FADF19E1D27F0010C855 /* Musait Yerde */;
			targetProxy = 6F47FAF619E1D2800010C855 /* PBXContainerItemProxy */;
		};
		6F47FB1519E1D52A0010C855 /* PBXTargetDependency */ = {
			isa = PBXTargetDependency;
			target = 6F47FB0819E1D52A0010C855 /* GeliyorGidiyor */;
			targetProxy = 6F47FB1419E1D52A0010C855 /* PBXContainerItemProxy */;
		};
		6F47FB1819E1D52A0010C855 /* PBXTargetDependency */ = {
			isa = PBXTargetDependency;
			target = 6F47FB0819E1D52A0010C855 /* GeliyorGidiyor */;
			targetProxy = 6F47FB1719E1D52A0010C855 /* PBXContainerItemProxy */;
		};
		6F47FB2B19E1EE650010C855 /* PBXTargetDependency */ = {
			isa = PBXTargetDependency;
			name = Alamofire;
			targetProxy = 6F47FB2A19E1EE650010C855 /* PBXContainerItemProxy */;
		};
		6F47FB2D19E1EE6B0010C855 /* PBXTargetDependency */ = {
			isa = PBXTargetDependency;
			name = Alamofire;
			targetProxy = 6F47FB2C19E1EE6B0010C855 /* PBXContainerItemProxy */;
		};
		6FB0C27619F4DA3400C9EF13 /* PBXTargetDependency */ = {
			isa = PBXTargetDependency;
			name = SwiftyJSON;
			targetProxy = 6FB0C27519F4DA3400C9EF13 /* PBXContainerItemProxy */;
		};
/* End PBXTargetDependency section */

/* Begin PBXVariantGroup section */
		6F47FAE919E1D2800010C855 /* Main.storyboard */ = {
			isa = PBXVariantGroup;
			children = (
				6F47FAEA19E1D2800010C855 /* Base */,
			);
			name = Main.storyboard;
			sourceTree = "<group>";
		};
		6F47FAEE19E1D2800010C855 /* LaunchScreen.xib */ = {
			isa = PBXVariantGroup;
			children = (
				6F47FAEF19E1D2800010C855 /* Base */,
			);
			name = LaunchScreen.xib;
			sourceTree = "<group>";
		};
/* End PBXVariantGroup section */

/* Begin XCBuildConfiguration section */
		6F47FAFD19E1D2800010C855 /* Debug */ = {
			isa = XCBuildConfiguration;
			buildSettings = {
				ALWAYS_SEARCH_USER_PATHS = NO;
				CLANG_CXX_LANGUAGE_STANDARD = "gnu++0x";
				CLANG_CXX_LIBRARY = "libc++";
				CLANG_ENABLE_MODULES = YES;
				CLANG_ENABLE_OBJC_ARC = YES;
				CLANG_WARN_BOOL_CONVERSION = YES;
				CLANG_WARN_CONSTANT_CONVERSION = YES;
				CLANG_WARN_DIRECT_OBJC_ISA_USAGE = YES_ERROR;
				CLANG_WARN_EMPTY_BODY = YES;
				CLANG_WARN_ENUM_CONVERSION = YES;
				CLANG_WARN_INT_CONVERSION = YES;
				CLANG_WARN_OBJC_ROOT_CLASS = YES_ERROR;
				CLANG_WARN_UNREACHABLE_CODE = YES;
				CLANG_WARN__DUPLICATE_METHOD_MATCH = YES;
				"CODE_SIGN_IDENTITY[sdk=iphoneos*]" = "iPhone Developer";
				COPY_PHASE_STRIP = NO;
				ENABLE_STRICT_OBJC_MSGSEND = YES;
				GCC_C_LANGUAGE_STANDARD = gnu99;
				GCC_DYNAMIC_NO_PIC = NO;
				GCC_OPTIMIZATION_LEVEL = 0;
				GCC_PREPROCESSOR_DEFINITIONS = (
					"DEBUG=1",
					"$(inherited)",
				);
				GCC_SYMBOLS_PRIVATE_EXTERN = NO;
				GCC_WARN_64_TO_32_BIT_CONVERSION = YES;
				GCC_WARN_ABOUT_RETURN_TYPE = YES_ERROR;
				GCC_WARN_UNDECLARED_SELECTOR = YES;
				GCC_WARN_UNINITIALIZED_AUTOS = YES_AGGRESSIVE;
				GCC_WARN_UNUSED_FUNCTION = YES;
				GCC_WARN_UNUSED_VARIABLE = YES;
				IPHONEOS_DEPLOYMENT_TARGET = 9.0;
				MTL_ENABLE_DEBUG_INFO = YES;
				ONLY_ACTIVE_ARCH = YES;
				SDKROOT = iphoneos;
				SWIFT_OPTIMIZATION_LEVEL = "-Onone";
				TARGETED_DEVICE_FAMILY = "1,2";
			};
			name = Debug;
		};
		6F47FAFE19E1D2800010C855 /* Release */ = {
			isa = XCBuildConfiguration;
			buildSettings = {
				ALWAYS_SEARCH_USER_PATHS = NO;
				CLANG_CXX_LANGUAGE_STANDARD = "gnu++0x";
				CLANG_CXX_LIBRARY = "libc++";
				CLANG_ENABLE_MODULES = YES;
				CLANG_ENABLE_OBJC_ARC = YES;
				CLANG_WARN_BOOL_CONVERSION = YES;
				CLANG_WARN_CONSTANT_CONVERSION = YES;
				CLANG_WARN_DIRECT_OBJC_ISA_USAGE = YES_ERROR;
				CLANG_WARN_EMPTY_BODY = YES;
				CLANG_WARN_ENUM_CONVERSION = YES;
				CLANG_WARN_INT_CONVERSION = YES;
				CLANG_WARN_OBJC_ROOT_CLASS = YES_ERROR;
				CLANG_WARN_UNREACHABLE_CODE = YES;
				CLANG_WARN__DUPLICATE_METHOD_MATCH = YES;
				"CODE_SIGN_IDENTITY[sdk=iphoneos*]" = "iPhone Developer";
				COPY_PHASE_STRIP = YES;
				ENABLE_NS_ASSERTIONS = NO;
				ENABLE_STRICT_OBJC_MSGSEND = YES;
				GCC_C_LANGUAGE_STANDARD = gnu99;
				GCC_WARN_64_TO_32_BIT_CONVERSION = YES;
				GCC_WARN_ABOUT_RETURN_TYPE = YES_ERROR;
				GCC_WARN_UNDECLARED_SELECTOR = YES;
				GCC_WARN_UNINITIALIZED_AUTOS = YES_AGGRESSIVE;
				GCC_WARN_UNUSED_FUNCTION = YES;
				GCC_WARN_UNUSED_VARIABLE = YES;
				IPHONEOS_DEPLOYMENT_TARGET = 9.0;
				MTL_ENABLE_DEBUG_INFO = NO;
				SDKROOT = iphoneos;
				TARGETED_DEVICE_FAMILY = "1,2";
				VALIDATE_PRODUCT = YES;
			};
			name = Release;
		};
		6F47FB0019E1D2800010C855 /* Debug */ = {
			isa = XCBuildConfiguration;
			buildSettings = {
				ASSETCATALOG_COMPILER_APPICON_NAME = AppIcon;
				CODE_SIGN_ENTITLEMENTS = "Musait Yerde/Musait Yerde.entitlements";
				CODE_SIGN_IDENTITY = "iPhone Developer";
				"CODE_SIGN_IDENTITY[sdk=iphoneos*]" = "iPhone Developer";
				EMBEDDED_CONTENT_CONTAINS_SWIFT = YES;
				INFOPLIST_FILE = "Musait Yerde/Info.plist";
				IPHONEOS_DEPLOYMENT_TARGET = 8.3;
				LD_RUNPATH_SEARCH_PATHS = "$(inherited) @executable_path/Frameworks";
				PRODUCT_NAME = "$(TARGET_NAME)";
				PROVISIONING_PROFILE = "";
			};
			name = Debug;
		};
		6F47FB0119E1D2800010C855 /* Release */ = {
			isa = XCBuildConfiguration;
			buildSettings = {
				ASSETCATALOG_COMPILER_APPICON_NAME = AppIcon;
				CODE_SIGN_ENTITLEMENTS = "Musait Yerde/Musait Yerde.entitlements";
				CODE_SIGN_IDENTITY = "iPhone Developer";
				"CODE_SIGN_IDENTITY[sdk=iphoneos*]" = "iPhone Developer";
				EMBEDDED_CONTENT_CONTAINS_SWIFT = YES;
				INFOPLIST_FILE = "Musait Yerde/Info.plist";
				IPHONEOS_DEPLOYMENT_TARGET = 8.3;
				LD_RUNPATH_SEARCH_PATHS = "$(inherited) @executable_path/Frameworks";
				PRODUCT_NAME = "$(TARGET_NAME)";
				PROVISIONING_PROFILE = "";
			};
			name = Release;
		};
		6F47FB0319E1D2800010C855 /* Debug */ = {
			isa = XCBuildConfiguration;
			buildSettings = {
				BUNDLE_LOADER = "$(TEST_HOST)";
				FRAMEWORK_SEARCH_PATHS = (
					"$(SDKROOT)/Developer/Library/Frameworks",
					"$(inherited)",
				);
				GCC_PREPROCESSOR_DEFINITIONS = (
					"DEBUG=1",
					"$(inherited)",
				);
				INFOPLIST_FILE = "Musait YerdeTests/Info.plist";
				LD_RUNPATH_SEARCH_PATHS = "$(inherited) @executable_path/Frameworks @loader_path/Frameworks";
				PRODUCT_NAME = "$(TARGET_NAME)";
				TEST_HOST = "$(BUILT_PRODUCTS_DIR)/Musait Yerde.app/Musait Yerde";
			};
			name = Debug;
		};
		6F47FB0419E1D2800010C855 /* Release */ = {
			isa = XCBuildConfiguration;
			buildSettings = {
				BUNDLE_LOADER = "$(TEST_HOST)";
				FRAMEWORK_SEARCH_PATHS = (
					"$(SDKROOT)/Developer/Library/Frameworks",
					"$(inherited)",
				);
				INFOPLIST_FILE = "Musait YerdeTests/Info.plist";
				LD_RUNPATH_SEARCH_PATHS = "$(inherited) @executable_path/Frameworks @loader_path/Frameworks";
				PRODUCT_NAME = "$(TARGET_NAME)";
				TEST_HOST = "$(BUILT_PRODUCTS_DIR)/Musait Yerde.app/Musait Yerde";
			};
			name = Release;
		};
		6F47FB1A19E1D52A0010C855 /* Debug */ = {
			isa = XCBuildConfiguration;
			buildSettings = {
				CODE_SIGN_ENTITLEMENTS = GeliyorGidiyor/GeliyorGidiyor.entitlements;
				CODE_SIGN_IDENTITY = "iPhone Developer";
				"CODE_SIGN_IDENTITY[sdk=iphoneos*]" = "iPhone Developer";
				GCC_PREPROCESSOR_DEFINITIONS = (
					"DEBUG=1",
					"$(inherited)",
				);
				INFOPLIST_FILE = GeliyorGidiyor/Info.plist;
				IPHONEOS_DEPLOYMENT_TARGET = 8.3;
				LD_RUNPATH_SEARCH_PATHS = "$(inherited) @executable_path/Frameworks @executable_path/../../Frameworks";
				PRODUCT_NAME = "$(TARGET_NAME)";
				PROVISIONING_PROFILE = "";
				SKIP_INSTALL = YES;
			};
			name = Debug;
		};
		6F47FB1B19E1D52A0010C855 /* Release */ = {
			isa = XCBuildConfiguration;
			buildSettings = {
				CODE_SIGN_ENTITLEMENTS = GeliyorGidiyor/GeliyorGidiyor.entitlements;
				CODE_SIGN_IDENTITY = "iPhone Developer";
				"CODE_SIGN_IDENTITY[sdk=iphoneos*]" = "iPhone Developer";
				INFOPLIST_FILE = GeliyorGidiyor/Info.plist;
				IPHONEOS_DEPLOYMENT_TARGET = 8.3;
				LD_RUNPATH_SEARCH_PATHS = "$(inherited) @executable_path/Frameworks @executable_path/../../Frameworks";
				PRODUCT_NAME = "$(TARGET_NAME)";
				PROVISIONING_PROFILE = "";
				SKIP_INSTALL = YES;
			};
			name = Release;
		};
/* End XCBuildConfiguration section */

/* Begin XCConfigurationList section */
		6F47FADB19E1D27F0010C855 /* Build configuration list for PBXProject "Musait Yerde" */ = {
			isa = XCConfigurationList;
			buildConfigurations = (
				6F47FAFD19E1D2800010C855 /* Debug */,
				6F47FAFE19E1D2800010C855 /* Release */,
			);
			defaultConfigurationIsVisible = 0;
			defaultConfigurationName = Release;
		};
		6F47FAFF19E1D2800010C855 /* Build configuration list for PBXNativeTarget "Musait Yerde" */ = {
			isa = XCConfigurationList;
			buildConfigurations = (
				6F47FB0019E1D2800010C855 /* Debug */,
				6F47FB0119E1D2800010C855 /* Release */,
			);
			defaultConfigurationIsVisible = 0;
			defaultConfigurationName = Release;
		};
		6F47FB0219E1D2800010C855 /* Build configuration list for PBXNativeTarget "Musait YerdeTests" */ = {
			isa = XCConfigurationList;
			buildConfigurations = (
				6F47FB0319E1D2800010C855 /* Debug */,
				6F47FB0419E1D2800010C855 /* Release */,
			);
			defaultConfigurationIsVisible = 0;
			defaultConfigurationName = Release;
		};
		6F47FB1919E1D52A0010C855 /* Build configuration list for PBXNativeTarget "GeliyorGidiyor" */ = {
			isa = XCConfigurationList;
			buildConfigurations = (
				6F47FB1A19E1D52A0010C855 /* Debug */,
				6F47FB1B19E1D52A0010C855 /* Release */,
			);
			defaultConfigurationIsVisible = 0;
			defaultConfigurationName = Release;
		};
/* End XCConfigurationList section */
	};
	rootObject = 6F47FAD819E1D27F0010C855 /* Project object */;
}
